{
  "name": "ts-io-monad",
  "version": "1.0.0",
  "lockfileVersion": 1,
  "requires": true,
  "dependencies": {
    "@types/node": {
      "version": "10.12.4",
      "resolved": "https://registry.npmjs.org/@types/node/-/node-10.12.4.tgz",
      "integrity": "sha512-0aFZiYCvoxyKP/Mg6PvqBb2UtWGIPf63r6rOAvRBrgyJOfanbL60yUH2U4FSpg+Yn6FW+JVYWtzn6hLTy745Fg==",
      "dev": true
    },
    "abort-controller": {
      "version": "1.0.2",
      "resolved": "http://registry.npmjs.org/abort-controller/-/abort-controller-1.0.2.tgz",
      "integrity": "sha512-GhTbj5xmglMhDWt5dbtSliHSYgUv1qOVaUA24jYuCdMBAjgXqSzWXVxAhZGPDWWi04lPbV5JKycNmfRPtre/Ng==",
      "requires": {
        "event-target-shim": "^3.0.0"
      }
    },
    "abortcontroller-polyfill": {
      "version": "1.1.9",
      "resolved": "https://registry.npmjs.org/abortcontroller-polyfill/-/abortcontroller-polyfill-1.1.9.tgz",
      "integrity": "sha512-omvG7zOHIs3BphdH62Kh3xy8nlftAsTyp7PDa9EmC3Jz9pa6sZFYk7UhNgu9Y4sIBhj6jF0RgeFZYvPnsP5sBw=="
    },
    "event-target-shim": {
      "version": "3.0.2",
      "resolved": "https://registry.npmjs.org/event-target-shim/-/event-target-shim-3.0.2.tgz",
      "integrity": "sha512-HK5GhnEAkm7fLy249GtF7DIuYmjLm85Ft6ssj7DhVl8Tx/z9+v0W6aiIVUdT4AXWGYy5Fc+s6gqBI49Bf0LejQ=="
    },
    "typescript": {
      "version": "3.1.6",
      "resolved": "https://registry.npmjs.org/typescript/-/typescript-3.1.6.tgz",
      "integrity": "sha512-tDMYfVtvpb96msS1lDX9MEdHrW4yOuZ4Kdc4Him9oU796XldPYF/t2+uKoX0BBa0hXXwDlqYQbXY5Rzjzc5hBA==",
      "dev": true
    }
  }
}
